{
  "version": 4,
  "terraform_version": "1.11.1",
  "serial": 16,
  "lineage": "fa674375-ca11-89de-30e7-92588a00ede2",
  "outputs": {},
  "resources": [
    {
      "mode": "data",
      "type": "aws_ssm_parameter",
      "name": "vpc_id",
      "provider": "provider[\"registry.terraform.io/hashicorp/aws\"]",
      "instances": [
        {
          "schema_version": 0,
          "attributes": {
            "arn": "arn:aws:ssm:us-east-1:177107204587:parameter/expense/qa/vpc_id",
            "id": "/expense/qa/vpc_id",
            "insecure_value": "vpc-0c9c6b0f65b2cf103",
            "name": "/expense/qa/vpc_id",
            "region": "us-east-1",
            "type": "String",
            "value": "vpc-0c9c6b0f65b2cf103",
            "version": 1,
            "with_decryption": true
          },
          "sensitive_attributes": [
            [
              {
                "type": "get_attr",
                "value": "value"
              }
            ]
          ]
        }
      ]
    },
    {
      "mode": "managed",
      "type": "aws_ssm_parameter",
      "name": "backend_sg",
      "provider": "provider[\"registry.terraform.io/hashicorp/aws\"]",
      "instances": [
        {
          "schema_version": 0,
          "attributes": {
            "allowed_pattern": "",
            "arn": "arn:aws:ssm:us-east-1:177107204587:parameter/expense-qa-backend-sg",
            "data_type": "text",
            "description": "Security Group for Backend",
            "has_value_wo": null,
            "id": "expense-qa-backend-sg",
            "insecure_value": null,
            "key_id": "",
            "name": "expense-qa-backend-sg",
            "overwrite": null,
            "region": "us-east-1",
            "tags": {},
            "tags_all": {},
            "tier": "Standard",
            "type": "String",
            "value": "sg-0f4aa5c3d4010ed06",
            "value_wo": null,
            "value_wo_version": null,
            "version": 1
          },
          "sensitive_attributes": [
            [
              {
                "type": "get_attr",
                "value": "value"
              }
            ],
            [
              {
                "type": "get_attr",
                "value": "value_wo"
              }
            ]
          ],
          "private": "bnVsbA==",
          "dependencies": [
            "data.aws_ssm_parameter.vpc_id",
            "module.backend_sg.aws_security_group.main"
          ]
        }
      ]
    },
    {
      "mode": "managed",
      "type": "aws_ssm_parameter",
      "name": "frontend_sg",
      "provider": "provider[\"registry.terraform.io/hashicorp/aws\"]",
      "instances": [
        {
          "schema_version": 0,
          "attributes": {
            "allowed_pattern": "",
            "arn": "arn:aws:ssm:us-east-1:177107204587:parameter/expense-qa-frontend-sg",
            "data_type": "text",
            "description": "Security Group for Frontend",
            "has_value_wo": null,
            "id": "expense-qa-frontend-sg",
            "insecure_value": null,
            "key_id": "",
            "name": "expense-qa-frontend-sg",
            "overwrite": null,
            "region": "us-east-1",
            "tags": null,
            "tags_all": {},
            "tier": "Standard",
            "type": "String",
            "value": "sg-0ebeba59398d476c2",
            "value_wo": null,
            "value_wo_version": null,
            "version": 1
          },
          "sensitive_attributes": [
            [
              {
                "type": "get_attr",
                "value": "value"
              }
            ],
            [
              {
                "type": "get_attr",
                "value": "value_wo"
              }
            ]
          ],
          "private": "bnVsbA==",
          "dependencies": [
            "data.aws_ssm_parameter.vpc_id",
            "module.frontend_sg.aws_security_group.main"
          ]
        }
      ]
    },
    {
      "mode": "managed",
      "type": "aws_ssm_parameter",
      "name": "mysql_sg",
      "provider": "provider[\"registry.terraform.io/hashicorp/aws\"]",
      "instances": [
        {
          "schema_version": 0,
          "attributes": {
            "allowed_pattern": "",
            "arn": "arn:aws:ssm:us-east-1:177107204587:parameter/expense-qa-mysql-sgs",
            "data_type": "text",
            "description": "Security Group for MySQL",
            "has_value_wo": null,
            "id": "expense-qa-mysql-sgs",
            "insecure_value": null,
            "key_id": "",
            "name": "expense-qa-mysql-sgs",
            "overwrite": null,
            "region": "us-east-1",
            "tags": null,
            "tags_all": {},
            "tier": "Standard",
            "type": "String",
            "value": "sg-06c554f9a4b13179e",
            "value_wo": null,
            "value_wo_version": null,
            "version": 1
          },
          "sensitive_attributes": [
            [
              {
                "type": "get_attr",
                "value": "value_wo"
              }
            ],
            [
              {
                "type": "get_attr",
                "value": "value"
              }
            ]
          ],
          "private": "bnVsbA==",
          "dependencies": [
            "data.aws_ssm_parameter.vpc_id",
            "module.mysql_sg.aws_security_group.main"
          ]
        }
      ]
    },
    {
      "module": "module.backend_sg",
      "mode": "managed",
      "type": "aws_security_group",
      "name": "main",
      "provider": "provider[\"registry.terraform.io/hashicorp/aws\"]",
      "instances": [
        {
          "schema_version": 1,
          "attributes": {
            "arn": "arn:aws:ec2:us-east-1:177107204587:security-group/sg-0f4aa5c3d4010ed06",
            "description": "Allow TLS inbound traffic and all outbound traffic",
            "egress": [
              {
                "cidr_blocks": [
                  "0.0.0.0/0"
                ],
                "description": "",
                "from_port": 0,
                "ipv6_cidr_blocks": [],
                "prefix_list_ids": [],
                "protocol": "-1",
                "security_groups": [],
                "self": false,
                "to_port": 0
              }
            ],
            "id": "sg-0f4aa5c3d4010ed06",
            "ingress": [],
            "name": "expense-qa-backend",
            "name_prefix": "",
            "owner_id": "177107204587",
            "region": "us-east-1",
            "revoke_rules_on_delete": false,
            "tags": {
              "Name": "expense-qa-backend",
              "component": "expense",
              "terraform": "true"
            },
            "tags_all": {
              "Name": "expense-qa-backend",
              "component": "expense",
              "terraform": "true"
            },
            "timeouts": null,
            "vpc_id": "vpc-0c9c6b0f65b2cf103"
          },
          "sensitive_attributes": [
            [
              {
                "type": "get_attr",
                "value": "vpc_id"
              }
            ]
          ],
          "private": "eyJlMmJmYjczMC1lY2FhLTExZTYtOGY4OC0zNDM2M2JjN2M0YzAiOnsiY3JlYXRlIjo2MDAwMDAwMDAwMDAsImRlbGV0ZSI6OTAwMDAwMDAwMDAwfSwic2NoZW1hX3ZlcnNpb24iOiIxIn0=",
          "dependencies": [
            "data.aws_ssm_parameter.vpc_id"
          ]
        }
      ]
    },
    {
      "module": "module.frontend_sg",
      "mode": "managed",
      "type": "aws_security_group",
      "name": "main",
      "provider": "provider[\"registry.terraform.io/hashicorp/aws\"]",
      "instances": [
        {
          "schema_version": 1,
          "attributes": {
            "arn": "arn:aws:ec2:us-east-1:177107204587:security-group/sg-0ebeba59398d476c2",
            "description": "Allow TLS inbound traffic and all outbound traffic",
            "egress": [
              {
                "cidr_blocks": [
                  "0.0.0.0/0"
                ],
                "description": "",
                "from_port": 0,
                "ipv6_cidr_blocks": [],
                "prefix_list_ids": [],
                "protocol": "-1",
                "security_groups": [],
                "self": false,
                "to_port": 0
              }
            ],
            "id": "sg-0ebeba59398d476c2",
            "ingress": [],
            "name": "expense-qa-frontend",
            "name_prefix": "",
            "owner_id": "177107204587",
            "region": "us-east-1",
            "revoke_rules_on_delete": false,
            "tags": {
              "Name": "expense-qa-frontend",
              "component": "expense",
              "terraform": "true"
            },
            "tags_all": {
              "Name": "expense-qa-frontend",
              "component": "expense",
              "terraform": "true"
            },
            "timeouts": null,
            "vpc_id": "vpc-0c9c6b0f65b2cf103"
          },
          "sensitive_attributes": [
            [
              {
                "type": "get_attr",
                "value": "vpc_id"
              }
            ]
          ],
          "private": "eyJlMmJmYjczMC1lY2FhLTExZTYtOGY4OC0zNDM2M2JjN2M0YzAiOnsiY3JlYXRlIjo2MDAwMDAwMDAwMDAsImRlbGV0ZSI6OTAwMDAwMDAwMDAwfSwic2NoZW1hX3ZlcnNpb24iOiIxIn0=",
          "dependencies": [
            "data.aws_ssm_parameter.vpc_id"
          ]
        }
      ]
    },
    {
      "module": "module.mysql_sg",
      "mode": "managed",
      "type": "aws_security_group",
      "name": "main",
      "provider": "provider[\"registry.terraform.io/hashicorp/aws\"]",
      "instances": [
        {
          "schema_version": 1,
          "attributes": {
            "arn": "arn:aws:ec2:us-east-1:177107204587:security-group/sg-06c554f9a4b13179e",
            "description": "Allow TLS inbound traffic and all outbound traffic",
            "egress": [
              {
                "cidr_blocks": [
                  "0.0.0.0/0"
                ],
                "description": "",
                "from_port": 0,
                "ipv6_cidr_blocks": [],
                "prefix_list_ids": [],
                "protocol": "-1",
                "security_groups": [],
                "self": false,
                "to_port": 0
              }
            ],
            "id": "sg-06c554f9a4b13179e",
            "ingress": [],
            "name": "expense-qa-mysql",
            "name_prefix": "",
            "owner_id": "177107204587",
            "region": "us-east-1",
            "revoke_rules_on_delete": false,
            "tags": {
              "Name": "expense-qa-mysql",
              "component": "expense",
              "terraform": "true"
            },
            "tags_all": {
              "Name": "expense-qa-mysql",
              "component": "expense",
              "terraform": "true"
            },
            "timeouts": null,
            "vpc_id": "vpc-0c9c6b0f65b2cf103"
          },
          "sensitive_attributes": [
            [
              {
                "type": "get_attr",
                "value": "vpc_id"
              }
            ]
          ],
          "private": "eyJlMmJmYjczMC1lY2FhLTExZTYtOGY4OC0zNDM2M2JjN2M0YzAiOnsiY3JlYXRlIjo2MDAwMDAwMDAwMDAsImRlbGV0ZSI6OTAwMDAwMDAwMDAwfSwic2NoZW1hX3ZlcnNpb24iOiIxIn0=",
          "dependencies": [
            "data.aws_ssm_parameter.vpc_id"
          ]
        }
      ]
    }
  ],
  "check_results": null
}
