{
  "version": 4,
  "terraform_version": "1.11.1",
  "serial": 3,
  "lineage": "fa674375-ca11-89de-30e7-92588a00ede2",
  "outputs": {},
  "resources": [
    {
      "mode": "data",
      "type": "aws_ssm_parameter",
      "name": "vpc_id",
      "provider": "provider[\"registry.terraform.io/hashicorp/aws\"]",
      "instances": [
        {
          "schema_version": 0,
          "attributes": {
            "arn": "arn:aws:ssm:us-east-1:177107204587:parameter/expense/qa/vpc_id",
            "id": "/expense/qa/vpc_id",
            "insecure_value": "vpc-0d22e3423bec6d9c7",
            "name": "/expense/qa/vpc_id",
            "region": "us-east-1",
            "type": "String",
            "value": "vpc-0d22e3423bec6d9c7",
            "version": 1,
            "with_decryption": true
          },
          "sensitive_attributes": [
            [
              {
                "type": "get_attr",
                "value": "value"
              }
            ]
          ]
        }
      ]
    },
    {
      "module": "module.mysql_sg",
      "mode": "managed",
      "type": "aws_security_group",
      "name": "main",
      "provider": "provider[\"registry.terraform.io/hashicorp/aws\"]",
      "instances": [
        {
          "schema_version": 1,
          "attributes": {
            "arn": "arn:aws:ec2:us-east-1:177107204587:security-group/sg-0159453493fc045ba",
            "description": "Allow TLS inbound traffic and all outbound traffic",
            "egress": [
              {
                "cidr_blocks": [
                  "0.0.0.0/0"
                ],
                "description": "",
                "from_port": 0,
                "ipv6_cidr_blocks": [],
                "prefix_list_ids": [],
                "protocol": "-1",
                "security_groups": [],
                "self": false,
                "to_port": 0
              }
            ],
            "id": "sg-0159453493fc045ba",
            "ingress": [],
            "name": "expense-qa-expense-qa-sg",
            "name_prefix": "",
            "owner_id": "177107204587",
            "region": "us-east-1",
            "revoke_rules_on_delete": false,
            "tags": {
              "Name": "expense-qa-expense-qa-sg",
              "component": "expense",
              "terraform": "true"
            },
            "tags_all": {
              "Name": "expense-qa-expense-qa-sg",
              "component": "expense",
              "terraform": "true"
            },
            "timeouts": null,
            "vpc_id": "vpc-0d22e3423bec6d9c7"
          },
          "sensitive_attributes": [
            [
              {
                "type": "get_attr",
                "value": "vpc_id"
              }
            ]
          ],
          "private": "eyJlMmJmYjczMC1lY2FhLTExZTYtOGY4OC0zNDM2M2JjN2M0YzAiOnsiY3JlYXRlIjo2MDAwMDAwMDAwMDAsImRlbGV0ZSI6OTAwMDAwMDAwMDAwfSwic2NoZW1hX3ZlcnNpb24iOiIxIn0=",
          "dependencies": [
            "data.aws_ssm_parameter.vpc_id"
          ]
        }
      ]
    }
  ],
  "check_results": null
}
